
Microsoft Visual Studio Solution File, Format Version 12.00
# Visual Studio Version 17
VisualStudioVersion = 17.3.32922.545
MinimumVisualStudioVersion = 10.0.40219.1
Project("{9A19103F-16F7-4668-BE54-9A1E7A4F7556}") = "EcommerceProject", "EcommerceProject\EcommerceProject.csproj", "{729A4E92-C207-43B4-B320-DFCC306A6FE9}"
EndProject
Global
	GlobalSection(SolutionConfigurationPlatforms) = preSolution
		Debug|Any CPU = Debug|Any CPU
		Release|Any CPU = Release|Any CPU
	EndGlobalSection
	GlobalSection(ProjectConfigurationPlatforms) = postSolution
		{729A4E92-C207-43B4-B320-DFCC306A6FE9}.Debug|Any CPU.ActiveCfg = Debug|Any CPU
		{729A4E92-C207-43B4-B320-DFCC306A6FE9}.Debug|Any CPU.Build.0 = Debug|Any CPU
		{729A4E92-C207-43B4-B320-DFCC306A6FE9}.Release|Any CPU.ActiveCfg = Release|Any CPU
		{729A4E92-C207-43B4-B320-DFCC306A6FE9}.Release|Any CPU.Build.0 = Release|Any CPU
	EndGlobalSection
	GlobalSection(SolutionProperties) = preSolution
		HideSolutionNode = FALSE
	EndGlobalSection
	GlobalSection(ExtensibilityGlobals) = postSolution
		SolutionGuid = {1FE5AC2A-EF6E-4EBC-BDC0-FDD414133E28}
	EndGlobalSection
EndGlobal
